// !$*UTF8*$!
{
	archiveVersion = 1;
	classes = {
	};
	objectVersion = 46;
	objects = {

/* Begin PBXBuildFile section */
		4657EF061E8DD9EA00E5EF88 /* AppDelegate.swift in Sources */ = {isa = PBXBuildFile; fileRef = 4657EF051E8DD9EA00E5EF88 /* AppDelegate.swift */; };
		4657EF081E8DD9EA00E5EF88 /* ViewController.swift in Sources */ = {isa = PBXBuildFile; fileRef = 4657EF071E8DD9EA00E5EF88 /* ViewController.swift */; };
		4657EF0B1E8DD9EA00E5EF88 /* Main.storyboard in Resources */ = {isa = PBXBuildFile; fileRef = 4657EF091E8DD9EA00E5EF88 /* Main.storyboard */; };
		4657EF0D1E8DD9EA00E5EF88 /* Assets.xcassets in Resources */ = {isa = PBXBuildFile; fileRef = 4657EF0C1E8DD9EA00E5EF88 /* Assets.xcassets */; };
		4657EF101E8DD9EA00E5EF88 /* LaunchScreen.storyboard in Resources */ = {isa = PBXBuildFile; fileRef = 4657EF0E1E8DD9EA00E5EF88 /* LaunchScreen.storyboard */; };
/* End PBXBuildFile section */

/* Begin PBXFileReference section */
		4657EF021E8DD9EA00E5EF88 /* Hello-iOS.app */ = {isa = PBXFileReference; explicitFileType = wrapper.application; includeInIndex = 0; path = "Hello-iOS.app"; sourceTree = BUILT_PRODUCTS_DIR; };
		4657EF051E8DD9EA00E5EF88 /* AppDelegate.swift */ = {isa = PBXFileReference; lastKnownFileType = sourcecode.swift; path = AppDelegate.swift; sourceTree = "<group>"; };
		4657EF071E8DD9EA00E5EF88 /* ViewController.swift */ = {isa = PBXFileReference; lastKnownFileType = sourcecode.swift; path = ViewController.swift; sourceTree = "<group>"; };
		4657EF0A1E8DD9EA00E5EF88 /* Base */ = {isa = PBXFileReference; lastKnownFileType = file.storyboard; name = Base; path = Base.lproj/Main.storyboard; sourceTree = "<group>"; };
		4657EF0C1E8DD9EA00E5EF88 /* Assets.xcassets */ = {isa = PBXFileReference; lastKnownFileType = folder.assetcatalog; path = Assets.xcassets; sourceTree = "<group>"; };
		4657EF0F1E8DD9EA00E5EF88 /* Base */ = {isa = PBXFileReference; lastKnownFileType = file.storyboard; name = Base; path = Base.lproj/LaunchScreen.storyboard; sourceTree = "<group>"; };
		4657EF111E8DD9EA00E5EF88 /* Info.plist */ = {isa = PBXFileReference; lastKnownFileType = text.plist.xml; path = Info.plist; sourceTree = "<group>"; };
/* End PBXFileReference section */

/* Begin PBXFrameworksBuildPhase section */
		4657EEFF1E8DD9E900E5EF88 /* Frameworks */ = {
			isa = PBXFrameworksBuildPhase;
			buildActionMask = 2147483647;
			files = (
			);
			runOnlyForDeploymentPostprocessing = 0;
		};
/* End PBXFrameworksBuildPhase section */

/* Begin PBXGroup section */
		4657EEF91E8DD9E900E5EF88 = {
			isa = PBXGroup;
			children = (
				4657EF041E8DD9EA00E5EF88 /* Hello-iOS */,
				4657EF031E8DD9EA00E5EF88 /* Products */,
			);
			sourceTree = "<group>";
		};
		4657EF031E8DD9EA00E5EF88 /* Products */ = {
			isa = PBXGroup;
			children = (
				4657EF021E8DD9EA00E5EF88 /* Hello-iOS.app */,
			);
			name = Products;
			sourceTree = "<group>";
		};
		4657EF041E8DD9EA00E5EF88 /* Hello-iOS */ = {
			isa = PBXGroup;
			children = (
				4657EF051E8DD9EA00E5EF88 /* AppDelegate.swift */,
				4657EF071E8DD9EA00E5EF88 /* ViewController.swift */,
				4657EF091E8DD9EA00E5EF88 /* Main.storyboard */,
				4657EF0C1E8DD9EA00E5EF88 /* Assets.xcassets */,
				4657EF0E1E8DD9EA00E5EF88 /* LaunchScreen.storyboard */,
				4657EF111E8DD9EA00E5EF88 /* Info.plist */,
			);
			path = "Hello-iOS";
			sourceTree = "<group>";
		};
/* End PBXGroup section */

/* Begin PBXNativeTarget section */
		4657EF011E8DD9E900E5EF88 /* Hello-iOS */ = {
			isa = PBXNativeTarget;
			buildConfigurationList = 4657EF141E8DD9EA00E5EF88 /* Build configuration list for PBXNativeTarget "Hello-iOS" */;
			buildPhases = (
				4657EEFE1E8DD9E900E5EF88 /* Sources */,
				4657EEFF1E8DD9E900E5EF88 /* Frameworks */,
				4657EF001E8DD9E900E5EF88 /* Resources */,
			);
			buildRules = (
			);
			dependencies = (
			);
			name = "Hello-iOS";
			productName = "Hello-iOS";
			productReference = 4657EF021E8DD9EA00E5EF88 /* Hello-iOS.app */;
			productType = "com.apple.product-type.application";
		};
/* End PBXNativeTarget section */

/* Begin PBXProject section */
		4657EEFA1E8DD9E900E5EF88 /* Project object */ = {
			isa = PBXProject;
			attributes = {
				LastSwiftUpdateCheck = 0820;
				LastUpgradeCheck = 0820;
				ORGANIZATIONNAME = "Abhishek Chauhan";
				TargetAttributes = {
					4657EF011E8DD9E900E5EF88 = {
						CreatedOnToolsVersion = 8.2.1;
						DevelopmentTeam = LHV6WF7595;
						ProvisioningStyle = Automatic;
					};
				};
			};
			buildConfigurationList = 4657EEFD1E8DD9E900E5EF88 /* Build configuration list for PBXProject "Hello-iOS" */;
			compatibilityVersion = "Xcode 3.2";
			developmentRegion = English;
			hasScannedForEncodings = 0;
			knownRegions = (
				en,
				Base,
			);
			mainGroup = 4657EEF91E8DD9E900E5EF88;
			productRefGroup = 4657EF031E8DD9EA00E5EF88 /* Products */;
			projectDirPath = "";
			projectRoot = "";
			targets = (
				4657EF011E8DD9E900E5EF88 /* Hello-iOS */,
			);
		};
/* End PBXProject section */

/* Begin PBXResourcesBuildPhase section */
		4657EF001E8DD9E900E5EF88 /* Resources */ = {
			isa = PBXResourcesBuildPhase;
			buildActionMask = 2147483647;
			files = (
				4657EF101E8DD9EA00E5EF88 /* LaunchScreen.storyboard in Resources */,
				4657EF0D1E8DD9EA00E5EF88 /* Assets.xcassets in Resources */,
				4657EF0B1E8DD9EA00E5EF88 /* Main.storyboard in Resources */,
			);
			runOnlyForDeploymentPostprocessing = 0;
		};
/* End PBXResourcesBuildPhase section */

/* Begin PBXSourcesBuildPhase section */
		4657EEFE1E8DD9E900E5EF88 /* Sources */ = {
			isa = PBXSourcesBuildPhase;
			buildActionMask = 2147483647;
			files = (
				4657EF081E8DD9EA00E5EF88 /* ViewController.swift in Sources */,
				4657EF061E8DD9EA00E5EF88 /* AppDelegate.swift in Sources */,
			);
			runOnlyForDeploymentPostprocessing = 0;
		};
/* End PBXSourcesBuildPhase section */

/* Begin PBXVariantGroup section */
		4657EF091E8DD9EA00E5EF88 /* Main.storyboard */ = {
			isa = PBXVariantGroup;
			children = (
				4657EF0A1E8DD9EA00E5EF88 /* Base */,
			);
			name = Main.storyboard;
			sourceTree = "<group>";
		};
		4657EF0E1E8DD9EA00E5EF88 /* LaunchScreen.storyboard */ = {
			isa = PBXVariantGroup;
			children = (
				4657EF0F1E8DD9EA00E5EF88 /* Base */,
			);
			name = LaunchScreen.storyboard;
			sourceTree = "<group>";
		};
/* End PBXVariantGroup section */

/* Begin XCBuildConfiguration section */
		4657EF121E8DD9EA00E5EF88 /* Debug */ = {
			isa = XCBuildConfiguration;
			buildSettings = {
				ALWAYS_SEARCH_USER_PATHS = NO;
				CLANG_ANALYZER_NONNULL = YES;
				CLANG_CXX_LANGUAGE_STANDARD = "gnu++0x";
				CLANG_CXX_LIBRARY = "libc++";
				CLANG_ENABLE_MODULES = YES;
				CLANG_ENABLE_OBJC_ARC = YES;
				CLANG_WARN_BOOL_CONVERSION = YES;
				CLANG_WARN_CONSTANT_CONVERSION = YES;
				CLANG_WARN_DIRECT_OBJC_ISA_USAGE = YES_ERROR;
				CLANG_WARN_DOCUMENTATION_COMMENTS = YES;
				CLANG_WARN_EMPTY_BODY = YES;
				CLANG_WARN_ENUM_CONVERSION = YES;
				CLANG_WARN_INFINITE_RECURSION = YES;
				CLANG_WARN_INT_CONVERSION = YES;
				CLANG_WARN_OBJC_ROOT_CLASS = YES_ERROR;
				CLANG_WARN_SUSPICIOUS_MOVE = YES;
				CLANG_WARN_UNREACHABLE_CODE = YES;
				CLANG_WARN__DUPLICATE_METHOD_MATCH = YES;
				"CODE_SIGN_IDENTITY[sdk=iphoneos*]" = "iPhone Developer";
				COPY_PHASE_STRIP = NO;
				DEBUG_INFORMATION_FORMAT = dwarf;
				ENABLE_STRICT_OBJC_MSGSEND = YES;
				ENABLE_TESTABILITY = YES;
				GCC_C_LANGUAGE_STANDARD = gnu99;
				GCC_DYNAMIC_NO_PIC = NO;
				GCC_NO_COMMON_BLOCKS = YES;
				GCC_OPTIMIZATION_LEVEL = 0;
				GCC_PREPROCESSOR_DEFINITIONS = (
					"DEBUG=1",
					"$(inherited)",
				);
				GCC_WARN_64_TO_32_BIT_CONVERSION = YES;
				GCC_WARN_ABOUT_RETURN_TYPE = YES_ERROR;
				GCC_WARN_UNDECLARED_SELECTOR = YES;
				GCC_WARN_UNINITIALIZED_AUTOS = YES_AGGRESSIVE;
				GCC_WARN_UNUSED_FUNCTION = YES;
				GCC_WARN_UNUSED_VARIABLE = YES;
				IPHONEOS_DEPLOYMENT_TARGET = 10.2;
				MTL_ENABLE_DEBUG_INFO = YES;
				ONLY_ACTIVE_ARCH = YES;
				SDKROOT = iphoneos;
				SWIFT_ACTIVE_COMPILATION_CONDITIONS = DEBUG;
				SWIFT_OPTIMIZATION_LEVEL = "-Onone";
				TARGETED_DEVICE_FAMILY = "1,2";
			};
			name = Debug;
		};
		4657EF131E8DD9EA00E5EF88 /* Release */ = {
			isa = XCBuildConfiguration;
			buildSettings = {
				ALWAYS_SEARCH_USER_PATHS = NO;
				CLANG_ANALYZER_NONNULL = YES;
				CLANG_CXX_LANGUAGE_STANDARD = "gnu++0x";
				CLANG_CXX_LIBRARY = "libc++";
				CLANG_ENABLE_MODULES = YES;
				CLANG_ENABLE_OBJC_ARC = YES;
				CLANG_WARN_BOOL_CONVERSION = YES;
				CLANG_WARN_CONSTANT_CONVERSION = YES;
				CLANG_WARN_DIRECT_OBJC_ISA_USAGE = YES_ERROR;
				CLANG_WARN_DOCUMENTATION_COMMENTS = YES;
				CLANG_WARN_EMPTY_BODY = YES;
				CLANG_WARN_ENUM_CONVERSION = YES;
				CLANG_WARN_INFINITE_RECURSION = YES;
				CLANG_WARN_INT_CONVERSION = YES;
				CLANG_WARN_OBJC_ROOT_CLASS = YES_ERROR;
				CLANG_WARN_SUSPICIOUS_MOVE = YES;
				CLANG_WARN_UNREACHABLE_CODE = YES;
				CLANG_WARN__DUPLICATE_METHOD_MATCH = YES;
				"CODE_SIGN_IDENTITY[sdk=iphoneos*]" = "iPhone Developer";
				COPY_PHASE_STRIP = NO;
				DEBUG_INFORMATION_FORMAT = "dwarf-with-dsym";
				ENABLE_NS_ASSERTIONS = NO;
				ENABLE_STRICT_OBJC_MSGSEND = YES;
				GCC_C_LANGUAGE_STANDARD = gnu99;
				GCC_NO_COMMON_BLOCKS = YES;
				GCC_WARN_64_TO_32_BIT_CONVERSION = YES;
				GCC_WARN_ABOUT_RETURN_TYPE = YES_ERROR;
				GCC_WARN_UNDECLARED_SELECTOR = YES;
				GCC_WARN_UNINITIALIZED_AUTOS = YES_AGGRESSIVE;
				GCC_WARN_UNUSED_FUNCTION = YES;
				GCC_WARN_UNUSED_VARIABLE = YES;
				IPHONEOS_DEPLOYMENT_TARGET = 10.2;
				MTL_ENABLE_DEBUG_INFO = NO;
				SDKROOT = iphoneos;
				SWIFT_OPTIMIZATION_LEVEL = "-Owholemodule";
				TARGETED_DEVICE_FAMILY = "1,2";
				VALIDATE_PRODUCT = YES;
			};
			name = Release;
		};
		4657EF151E8DD9EA00E5EF88 /* Debug */ = {
			isa = XCBuildConfiguration;
			buildSettings = {
				ASSETCATALOG_COMPILER_APPICON_NAME = AppIcon;
				DEVELOPMENT_TEAM = LHV6WF7595;
				INFOPLIST_FILE = "Hello-iOS/Info.plist";
				LD_RUNPATH_SEARCH_PATHS = "$(inherited) @executable_path/Frameworks";
				PRODUCT_BUNDLE_IDENTIFIER = "edu.washington.abhi3.Hello-iOS";
				PRODUCT_NAME = "$(TARGET_NAME)";
				SWIFT_VERSION = 3.0;
			};
			name = Debug;
		};
		4657EF161E8DD9EA00E5EF88 /* Release */ = {
			isa = XCBuildConfiguration;
			buildSettings = {
				ASSETCATALOG_COMPILER_APPICON_NAME = AppIcon;
				DEVELOPMENT_TEAM = LHV6WF7595;
				INFOPLIST_FILE = "Hello-iOS/Info.plist";
				LD_RUNPATH_SEARCH_PATHS = "$(inherited) @executable_path/Frameworks";
				PRODUCT_BUNDLE_IDENTIFIER = "edu.washington.abhi3.Hello-iOS";
				PRODUCT_NAME = "$(TARGET_NAME)";
				SWIFT_VERSION = 3.0;
			};
			name = Release;
		};
/* End XCBuildConfiguration section */

/* Begin XCConfigurationList section */
		4657EEFD1E8DD9E900E5EF88 /* Build configuration list for PBXProject "Hello-iOS" */ = {
			isa = XCConfigurationList;
			buildConfigurations = (
				4657EF121E8DD9EA00E5EF88 /* Debug */,
				4657EF131E8DD9EA00E5EF88 /* Release */,
			);
			defaultConfigurationIsVisible = 0;
			defaultConfigurationName = Release;
		};
		4657EF141E8DD9EA00E5EF88 /* Build configuration list for PBXNativeTarget "Hello-iOS" */ = {
			isa = XCConfigurationList;
			buildConfigurations = (
				4657EF151E8DD9EA00E5EF88 /* Debug */,
				4657EF161E8DD9EA00E5EF88 /* Release */,
			);
			defaultConfigurationIsVisible = 0;
			defaultConfigurationName = Release;
		};
/* End XCConfigurationList section */
	};
	rootObject = 4657EEFA1E8DD9E900E5EF88 /* Project object */;
}
